<?xml version="1.0" encoding="utf-8"?>
<Project ToolsVersion="4.0" xmlns="http://schemas.microsoft.com/developer/msbuild/2003">
  <ItemGroup>
    <ClCompile Include="main.cpp">
      <Filter>src</Filter>
    </ClCompile>
    <ClCompile Include="generate_xml.cpp">
      <Filter>src</Filter>
    </ClCompile>
    <ClCompile Include="xml_valuator.cpp" />
    <ClCompile Include="sax_parser.cpp" />
    <ClCompile Include="handler.cpp" />
  </ItemGroup>
  <ItemGroup>
    <Filter Include="src">
      <UniqueIdentifier>{7e535c0e-460e-4b13-ba3f-442339cdc27a}</UniqueIdentifier>
    </Filter>
  </ItemGroup>
  <ItemGroup>
    <ClInclude Include="xml_valuator.h" />
    <ClInclude Include="sax_parser.h" />
    <ClInclude Include="handler.h" />
  </ItemGroup>
</Project>